
Microsoft Visual Studio Solution File, Format Version 12.00
# Visual Studio Version 17
VisualStudioVersion = 17.0.31903.59
MinimumVisualStudioVersion = 10.0.40219.1
Project("{2150E333-8FDC-42A3-9474-1A3956D46DE8}") = "src", "src", "{462B39EC-F4FD-4276-AF51-0F600032529F}"
EndProject
Project("{2150E333-8FDC-42A3-9474-1A3956D46DE8}") = "Host", "Host", "{E841736A-E0F8-4435-A9E5-134099368EAB}"
EndProject
Project("{FAE04EC0-301F-11D3-BF4B-00C04F79EFBC}") = "FreeShop.Host", "src\Host\FreeShop.Host\FreeShop.Host.csproj", "{6C2445AB-CB70-4411-A055-0106DAA74BB2}"
EndProject
Project("{2150E333-8FDC-42A3-9474-1A3956D46DE8}") = "SharedKernel", "SharedKernel", "{B5F518E1-50DD-4C9F-B5F3-2D4F6D41CC4D}"
EndProject
Project("{FAE04EC0-301F-11D3-BF4B-00C04F79EFBC}") = "SharedKernel.Domain", "src\SharedKernel\Domain\SharedKernel.Domain.csproj", "{4A4B7AE2-7C61-4F76-83E1-C0486FF24F0A}"
EndProject
Project("{2150E333-8FDC-42A3-9474-1A3956D46DE8}") = "Modules", "Modules", "{FD745E7C-FE13-47C5-9CFC-6DCD1C649BCB}"
EndProject
Project("{2150E333-8FDC-42A3-9474-1A3956D46DE8}") = "Orders", "Orders", "{8A7B91FA-1C1D-403A-8A95-3E02343F7CFE}"
EndProject
Project("{FAE04EC0-301F-11D3-BF4B-00C04F79EFBC}") = "Modules.Orders.Api", "src\Modules\Orders\Api\Modules.Orders.Api.csproj", "{873CA12F-E15F-4B1D-9031-BEF3EBA0A4FB}"
EndProject
Project("{FAE04EC0-301F-11D3-BF4B-00C04F79EFBC}") = "Modules.Orders.Application", "src\Modules\Orders\Application\Modules.Orders.Application.csproj", "{74C64ABB-B4F5-4D13-9F2F-CDCEE15236FD}"
EndProject
Project("{FAE04EC0-301F-11D3-BF4B-00C04F79EFBC}") = "Modules.Orders.Domain", "src\Modules\Orders\Domain\Modules.Orders.Domain.csproj", "{98D09D7A-AFDE-468D-8B0D-2B29E105ABC2}"
EndProject
Project("{FAE04EC0-301F-11D3-BF4B-00C04F79EFBC}") = "Modules.Orders.Infrastructure", "src\Modules\Orders\Infrastructure\Modules.Orders.Infrastructure.csproj", "{2B8D325D-7A9F-4796-B0DE-277D63D07EB6}"
EndProject
Global
	GlobalSection(SolutionConfigurationPlatforms) = preSolution
		Debug|Any CPU = Debug|Any CPU
		Release|Any CPU = Release|Any CPU
	EndGlobalSection
	GlobalSection(SolutionProperties) = preSolution
		HideSolutionNode = FALSE
	EndGlobalSection
	GlobalSection(ProjectConfigurationPlatforms) = postSolution
		{6C2445AB-CB70-4411-A055-0106DAA74BB2}.Debug|Any CPU.ActiveCfg = Debug|Any CPU
		{6C2445AB-CB70-4411-A055-0106DAA74BB2}.Debug|Any CPU.Build.0 = Debug|Any CPU
		{6C2445AB-CB70-4411-A055-0106DAA74BB2}.Release|Any CPU.ActiveCfg = Release|Any CPU
		{6C2445AB-CB70-4411-A055-0106DAA74BB2}.Release|Any CPU.Build.0 = Release|Any CPU
		{4A4B7AE2-7C61-4F76-83E1-C0486FF24F0A}.Debug|Any CPU.ActiveCfg = Debug|Any CPU
		{4A4B7AE2-7C61-4F76-83E1-C0486FF24F0A}.Debug|Any CPU.Build.0 = Debug|Any CPU
		{4A4B7AE2-7C61-4F76-83E1-C0486FF24F0A}.Release|Any CPU.ActiveCfg = Release|Any CPU
		{4A4B7AE2-7C61-4F76-83E1-C0486FF24F0A}.Release|Any CPU.Build.0 = Release|Any CPU
		{873CA12F-E15F-4B1D-9031-BEF3EBA0A4FB}.Debug|Any CPU.ActiveCfg = Debug|Any CPU
		{873CA12F-E15F-4B1D-9031-BEF3EBA0A4FB}.Debug|Any CPU.Build.0 = Debug|Any CPU
		{873CA12F-E15F-4B1D-9031-BEF3EBA0A4FB}.Release|Any CPU.ActiveCfg = Release|Any CPU
		{873CA12F-E15F-4B1D-9031-BEF3EBA0A4FB}.Release|Any CPU.Build.0 = Release|Any CPU
		{74C64ABB-B4F5-4D13-9F2F-CDCEE15236FD}.Debug|Any CPU.ActiveCfg = Debug|Any CPU
		{74C64ABB-B4F5-4D13-9F2F-CDCEE15236FD}.Debug|Any CPU.Build.0 = Debug|Any CPU
		{74C64ABB-B4F5-4D13-9F2F-CDCEE15236FD}.Release|Any CPU.ActiveCfg = Release|Any CPU
		{74C64ABB-B4F5-4D13-9F2F-CDCEE15236FD}.Release|Any CPU.Build.0 = Release|Any CPU
		{98D09D7A-AFDE-468D-8B0D-2B29E105ABC2}.Debug|Any CPU.ActiveCfg = Debug|Any CPU
		{98D09D7A-AFDE-468D-8B0D-2B29E105ABC2}.Debug|Any CPU.Build.0 = Debug|Any CPU
		{98D09D7A-AFDE-468D-8B0D-2B29E105ABC2}.Release|Any CPU.ActiveCfg = Release|Any CPU
		{98D09D7A-AFDE-468D-8B0D-2B29E105ABC2}.Release|Any CPU.Build.0 = Release|Any CPU
		{2B8D325D-7A9F-4796-B0DE-277D63D07EB6}.Debug|Any CPU.ActiveCfg = Debug|Any CPU
		{2B8D325D-7A9F-4796-B0DE-277D63D07EB6}.Debug|Any CPU.Build.0 = Debug|Any CPU
		{2B8D325D-7A9F-4796-B0DE-277D63D07EB6}.Release|Any CPU.ActiveCfg = Release|Any CPU
		{2B8D325D-7A9F-4796-B0DE-277D63D07EB6}.Release|Any CPU.Build.0 = Release|Any CPU
	EndGlobalSection
	GlobalSection(NestedProjects) = preSolution
		{E841736A-E0F8-4435-A9E5-134099368EAB} = {462B39EC-F4FD-4276-AF51-0F600032529F}
		{6C2445AB-CB70-4411-A055-0106DAA74BB2} = {E841736A-E0F8-4435-A9E5-134099368EAB}
		{B5F518E1-50DD-4C9F-B5F3-2D4F6D41CC4D} = {462B39EC-F4FD-4276-AF51-0F600032529F}
		{4A4B7AE2-7C61-4F76-83E1-C0486FF24F0A} = {B5F518E1-50DD-4C9F-B5F3-2D4F6D41CC4D}
		{FD745E7C-FE13-47C5-9CFC-6DCD1C649BCB} = {462B39EC-F4FD-4276-AF51-0F600032529F}
		{8A7B91FA-1C1D-403A-8A95-3E02343F7CFE} = {FD745E7C-FE13-47C5-9CFC-6DCD1C649BCB}
		{873CA12F-E15F-4B1D-9031-BEF3EBA0A4FB} = {8A7B91FA-1C1D-403A-8A95-3E02343F7CFE}
		{74C64ABB-B4F5-4D13-9F2F-CDCEE15236FD} = {8A7B91FA-1C1D-403A-8A95-3E02343F7CFE}
		{98D09D7A-AFDE-468D-8B0D-2B29E105ABC2} = {8A7B91FA-1C1D-403A-8A95-3E02343F7CFE}
		{2B8D325D-7A9F-4796-B0DE-277D63D07EB6} = {8A7B91FA-1C1D-403A-8A95-3E02343F7CFE}
	EndGlobalSection
EndGlobal
